
Microsoft Visual Studio Solution File, Format Version 12.00
# Visual Studio Version 17
VisualStudioVersion = 17.13.35931.197
MinimumVisualStudioVersion = 10.0.40219.1
Project("{FAE04EC0-301F-11D3-BF4B-00C04F79EFBC}") = "PRT.CrwAPI", "PRT.CrwAPI\PRT.CrwAPI.csproj", "{22068F5D-6E17-4CB0-957A-F8CA4DCD7256}"
EndProject
Project("{FAE04EC0-301F-11D3-BF4B-00C04F79EFBC}") = "PRT.CrwAPI.Tests", "PRT.CrwAPI.Tests\PRT.CrwAPI.Tests.csproj", "{F4DF1567-EAB9-454A-805A-C13C43CD056A}"
EndProject
Project("{FAE04EC0-301F-11D3-BF4B-00C04F79EFBC}") = "PRT.UIBlz", "PRT.UIBlz\PRT.UIBlz.csproj", "{0BB4D733-6780-434B-950A-953CA048E6FF}"
EndProject
Project("{2150E333-8FDC-42A3-9474-1A3956D46DE8}") = "Solution Items", "Solution Items", "{8EC462FD-D22E-90A8-E5CE-7E832BA40C5D}"
	ProjectSection(SolutionItems) = preProject
		README.md = README.md
	EndProjectSection
EndProject
Global
	GlobalSection(SolutionConfigurationPlatforms) = preSolution
		Debug|Any CPU = Debug|Any CPU
		Debug|x64 = Debug|x64
		Debug|x86 = Debug|x86
		Release|Any CPU = Release|Any CPU
		Release|x64 = Release|x64
		Release|x86 = Release|x86
	EndGlobalSection
	GlobalSection(ProjectConfigurationPlatforms) = postSolution
		{22068F5D-6E17-4CB0-957A-F8CA4DCD7256}.Debug|Any CPU.ActiveCfg = Debug|Any CPU
		{22068F5D-6E17-4CB0-957A-F8CA4DCD7256}.Debug|Any CPU.Build.0 = Debug|Any CPU
		{22068F5D-6E17-4CB0-957A-F8CA4DCD7256}.Debug|x64.ActiveCfg = Debug|Any CPU
		{22068F5D-6E17-4CB0-957A-F8CA4DCD7256}.Debug|x64.Build.0 = Debug|Any CPU
		{22068F5D-6E17-4CB0-957A-F8CA4DCD7256}.Debug|x86.ActiveCfg = Debug|Any CPU
		{22068F5D-6E17-4CB0-957A-F8CA4DCD7256}.Debug|x86.Build.0 = Debug|Any CPU
		{22068F5D-6E17-4CB0-957A-F8CA4DCD7256}.Release|Any CPU.ActiveCfg = Release|Any CPU
		{22068F5D-6E17-4CB0-957A-F8CA4DCD7256}.Release|Any CPU.Build.0 = Release|Any CPU
		{22068F5D-6E17-4CB0-957A-F8CA4DCD7256}.Release|x64.ActiveCfg = Release|Any CPU
		{22068F5D-6E17-4CB0-957A-F8CA4DCD7256}.Release|x64.Build.0 = Release|Any CPU
		{22068F5D-6E17-4CB0-957A-F8CA4DCD7256}.Release|x86.ActiveCfg = Release|Any CPU
		{22068F5D-6E17-4CB0-957A-F8CA4DCD7256}.Release|x86.Build.0 = Release|Any CPU
		{F4DF1567-EAB9-454A-805A-C13C43CD056A}.Debug|Any CPU.ActiveCfg = Debug|Any CPU
		{F4DF1567-EAB9-454A-805A-C13C43CD056A}.Debug|Any CPU.Build.0 = Debug|Any CPU
		{F4DF1567-EAB9-454A-805A-C13C43CD056A}.Debug|x64.ActiveCfg = Debug|Any CPU
		{F4DF1567-EAB9-454A-805A-C13C43CD056A}.Debug|x64.Build.0 = Debug|Any CPU
		{F4DF1567-EAB9-454A-805A-C13C43CD056A}.Debug|x86.ActiveCfg = Debug|Any CPU
		{F4DF1567-EAB9-454A-805A-C13C43CD056A}.Debug|x86.Build.0 = Debug|Any CPU
		{F4DF1567-EAB9-454A-805A-C13C43CD056A}.Release|Any CPU.ActiveCfg = Release|Any CPU
		{F4DF1567-EAB9-454A-805A-C13C43CD056A}.Release|Any CPU.Build.0 = Release|Any CPU
		{F4DF1567-EAB9-454A-805A-C13C43CD056A}.Release|x64.ActiveCfg = Release|Any CPU
		{F4DF1567-EAB9-454A-805A-C13C43CD056A}.Release|x64.Build.0 = Release|Any CPU
		{F4DF1567-EAB9-454A-805A-C13C43CD056A}.Release|x86.ActiveCfg = Release|Any CPU
		{F4DF1567-EAB9-454A-805A-C13C43CD056A}.Release|x86.Build.0 = Release|Any CPU
		{0BB4D733-6780-434B-950A-953CA048E6FF}.Debug|Any CPU.ActiveCfg = Debug|Any CPU
		{0BB4D733-6780-434B-950A-953CA048E6FF}.Debug|Any CPU.Build.0 = Debug|Any CPU
		{0BB4D733-6780-434B-950A-953CA048E6FF}.Debug|x64.ActiveCfg = Debug|Any CPU
		{0BB4D733-6780-434B-950A-953CA048E6FF}.Debug|x64.Build.0 = Debug|Any CPU
		{0BB4D733-6780-434B-950A-953CA048E6FF}.Debug|x86.ActiveCfg = Debug|Any CPU
		{0BB4D733-6780-434B-950A-953CA048E6FF}.Debug|x86.Build.0 = Debug|Any CPU
		{0BB4D733-6780-434B-950A-953CA048E6FF}.Release|Any CPU.ActiveCfg = Release|Any CPU
		{0BB4D733-6780-434B-950A-953CA048E6FF}.Release|Any CPU.Build.0 = Release|Any CPU
		{0BB4D733-6780-434B-950A-953CA048E6FF}.Release|x64.ActiveCfg = Release|Any CPU
		{0BB4D733-6780-434B-950A-953CA048E6FF}.Release|x64.Build.0 = Release|Any CPU
		{0BB4D733-6780-434B-950A-953CA048E6FF}.Release|x86.ActiveCfg = Release|Any CPU
		{0BB4D733-6780-434B-950A-953CA048E6FF}.Release|x86.Build.0 = Release|Any CPU
	EndGlobalSection
	GlobalSection(SolutionProperties) = preSolution
		HideSolutionNode = FALSE
	EndGlobalSection
	GlobalSection(ExtensibilityGlobals) = postSolution
		SolutionGuid = {B47E43BC-7909-478A-BFCE-ECB44C0DE0EA}
	EndGlobalSection
EndGlobal
